
Microsoft Visual Studio Solution File, Format Version 12.00
# Visual Studio Version 17
VisualStudioVersion = 17.0.32014.148
MinimumVisualStudioVersion = 10.0.40219.1
Project("{FAE04EC0-301F-11D3-BF4B-00C04F79EFBC}") = "MarketPlace.Web", "MarketPlace.Web\MarketPlace.Web.csproj", "{9DC398AD-B010-47A1-A685-F7EDC56B48C9}"
EndProject
Project("{FAE04EC0-301F-11D3-BF4B-00C04F79EFBC}") = "MarketPlace.Application", "MarketPlace.Application\MarketPlace.Application.csproj", "{A50BC700-DFDA-4845-B43B-44F7FB7AF1A8}"
EndProject
Project("{FAE04EC0-301F-11D3-BF4B-00C04F79EFBC}") = "MarketPlace.DataLayer", "MarketPlace.DataLayer\MarketPlace.DataLayer.csproj", "{C0D80DAE-0CE2-4043-9647-9017099BA643}"
EndProject
Global
	GlobalSection(SolutionConfigurationPlatforms) = preSolution
		Debug|Any CPU = Debug|Any CPU
		Release|Any CPU = Release|Any CPU
	EndGlobalSection
	GlobalSection(ProjectConfigurationPlatforms) = postSolution
		{9DC398AD-B010-47A1-A685-F7EDC56B48C9}.Debug|Any CPU.ActiveCfg = Debug|Any CPU
		{9DC398AD-B010-47A1-A685-F7EDC56B48C9}.Debug|Any CPU.Build.0 = Debug|Any CPU
		{9DC398AD-B010-47A1-A685-F7EDC56B48C9}.Release|Any CPU.ActiveCfg = Release|Any CPU
		{9DC398AD-B010-47A1-A685-F7EDC56B48C9}.Release|Any CPU.Build.0 = Release|Any CPU
		{A50BC700-DFDA-4845-B43B-44F7FB7AF1A8}.Debug|Any CPU.ActiveCfg = Debug|Any CPU
		{A50BC700-DFDA-4845-B43B-44F7FB7AF1A8}.Debug|Any CPU.Build.0 = Debug|Any CPU
		{A50BC700-DFDA-4845-B43B-44F7FB7AF1A8}.Release|Any CPU.ActiveCfg = Release|Any CPU
		{A50BC700-DFDA-4845-B43B-44F7FB7AF1A8}.Release|Any CPU.Build.0 = Release|Any CPU
		{C0D80DAE-0CE2-4043-9647-9017099BA643}.Debug|Any CPU.ActiveCfg = Debug|Any CPU
		{C0D80DAE-0CE2-4043-9647-9017099BA643}.Debug|Any CPU.Build.0 = Debug|Any CPU
		{C0D80DAE-0CE2-4043-9647-9017099BA643}.Release|Any CPU.ActiveCfg = Release|Any CPU
		{C0D80DAE-0CE2-4043-9647-9017099BA643}.Release|Any CPU.Build.0 = Release|Any CPU
	EndGlobalSection
	GlobalSection(SolutionProperties) = preSolution
		HideSolutionNode = FALSE
	EndGlobalSection
	GlobalSection(ExtensibilityGlobals) = postSolution
		SolutionGuid = {931C04B2-F8EA-4D5D-BEC4-28DBC7BBEE0B}
	EndGlobalSection
EndGlobal
